
Microsoft Visual Studio Solution File, Format Version 12.00
# Visual Studio Version 16
VisualStudioVersion = 16.0.30317.65
MinimumVisualStudioVersion = 10.0.40219.1
Project("{FAE04EC0-301F-11D3-BF4B-00C04F79EFBC}") = "Xamarin-OneMoreFabMenu", "Xamarin-OneMoreFabMenu\Xamarin-OneMoreFabMenu.csproj", "{7CCF1FDC-4121-406C-B8BF-2E804397F429}"
EndProject
Global
	GlobalSection(SolutionConfigurationPlatforms) = preSolution
		Debug|Any CPU = Debug|Any CPU
		Release|Any CPU = Release|Any CPU
	EndGlobalSection
	GlobalSection(ProjectConfigurationPlatforms) = postSolution
		{7CCF1FDC-4121-406C-B8BF-2E804397F429}.Debug|Any CPU.ActiveCfg = Debug|Any CPU
		{7CCF1FDC-4121-406C-B8BF-2E804397F429}.Debug|Any CPU.Build.0 = Debug|Any CPU
		{7CCF1FDC-4121-406C-B8BF-2E804397F429}.Release|Any CPU.ActiveCfg = Release|Any CPU
		{7CCF1FDC-4121-406C-B8BF-2E804397F429}.Release|Any CPU.Build.0 = Release|Any CPU
	EndGlobalSection
	GlobalSection(SolutionProperties) = preSolution
		HideSolutionNode = FALSE
	EndGlobalSection
	GlobalSection(ExtensibilityGlobals) = postSolution
		SolutionGuid = {46F42D89-463D-460C-9E5F-59CDE02971AB}
	EndGlobalSection
EndGlobal
